// !$*UTF8*$!
{
	archiveVersion = 1;
	classes = {
	};
	objectVersion = 50;
	objects = {

/* Begin PBXBuildFile section */
		AB6E139026BA6619009350DA /* main.cpp in Sources */ = {isa = PBXBuildFile; fileRef = AB6E138F26BA6619009350DA /* main.cpp */; };
		AB6E139826BA6630009350DA /* libglfw.dylib in Frameworks */ = {isa = PBXBuildFile; fileRef = AB6E139726BA6630009350DA /* libglfw.dylib */; };
		AB6E139A26BA6636009350DA /* libGLEW.dylib in Frameworks */ = {isa = PBXBuildFile; fileRef = AB6E139926BA6636009350DA /* libGLEW.dylib */; };
		AB6E139C26BA6640009350DA /* libassimp.dylib in Frameworks */ = {isa = PBXBuildFile; fileRef = AB6E139B26BA6640009350DA /* libassimp.dylib */; };
		AB6E139E26BA6696009350DA /* glad.c in Sources */ = {isa = PBXBuildFile; fileRef = AB6E139D26BA6696009350DA /* glad.c */; };
		AB6E13A726BA6727009350DA /* Camera.cpp in Sources */ = {isa = PBXBuildFile; fileRef = AB6E139F26BA6727009350DA /* Camera.cpp */; };
		AB6E13A826BA6727009350DA /* Mesh.cpp in Sources */ = {isa = PBXBuildFile; fileRef = AB6E13A226BA6727009350DA /* Mesh.cpp */; };
		AB6E13A926BA6727009350DA /* Model.cpp in Sources */ = {isa = PBXBuildFile; fileRef = AB6E13A326BA6727009350DA /* Model.cpp */; };
/* End PBXBuildFile section */

/* Begin PBXCopyFilesBuildPhase section */
		AB6E138A26BA6619009350DA /* CopyFiles */ = {
			isa = PBXCopyFilesBuildPhase;
			buildActionMask = 2147483647;
			dstPath = /usr/share/man/man1/;
			dstSubfolderSpec = 0;
			files = (
			);
			runOnlyForDeploymentPostprocessing = 1;
		};
/* End PBXCopyFilesBuildPhase section */

/* Begin PBXFileReference section */
		AB6E138C26BA6619009350DA /* OpenGL_Test17_Instance */ = {isa = PBXFileReference; explicitFileType = "compiled.mach-o.executable"; includeInIndex = 0; path = OpenGL_Test17_Instance; sourceTree = BUILT_PRODUCTS_DIR; };
		AB6E138F26BA6619009350DA /* main.cpp */ = {isa = PBXFileReference; lastKnownFileType = sourcecode.cpp.cpp; path = main.cpp; sourceTree = "<group>"; };
		AB6E139726BA6630009350DA /* libglfw.dylib */ = {isa = PBXFileReference; lastKnownFileType = "compiled.mach-o.dylib"; name = libglfw.dylib; path = ../../../glfw/3.3.4/lib/libglfw.dylib; sourceTree = "<group>"; };
		AB6E139926BA6636009350DA /* libGLEW.dylib */ = {isa = PBXFileReference; lastKnownFileType = "compiled.mach-o.dylib"; name = libGLEW.dylib; path = ../../../glew/2.2.0_1/lib/libGLEW.dylib; sourceTree = "<group>"; };
		AB6E139B26BA6640009350DA /* libassimp.dylib */ = {isa = PBXFileReference; lastKnownFileType = "compiled.mach-o.dylib"; name = libassimp.dylib; path = ../../../assimp/5.0.1/lib/libassimp.dylib; sourceTree = "<group>"; };
		AB6E139D26BA6696009350DA /* glad.c */ = {isa = PBXFileReference; fileEncoding = 4; lastKnownFileType = sourcecode.c.c; name = glad.c; path = ../../../../glad/src/glad.c; sourceTree = "<group>"; };
		AB6E139F26BA6727009350DA /* Camera.cpp */ = {isa = PBXFileReference; fileEncoding = 4; lastKnownFileType = sourcecode.cpp.cpp; path = Camera.cpp; sourceTree = "<group>"; };
		AB6E13A026BA6727009350DA /* Mesh.hpp */ = {isa = PBXFileReference; fileEncoding = 4; lastKnownFileType = sourcecode.cpp.h; path = Mesh.hpp; sourceTree = "<group>"; };
		AB6E13A126BA6727009350DA /* Camera.hpp */ = {isa = PBXFileReference; fileEncoding = 4; lastKnownFileType = sourcecode.cpp.h; path = Camera.hpp; sourceTree = "<group>"; };
		AB6E13A226BA6727009350DA /* Mesh.cpp */ = {isa = PBXFileReference; fileEncoding = 4; lastKnownFileType = sourcecode.cpp.cpp; path = Mesh.cpp; sourceTree = "<group>"; };
		AB6E13A326BA6727009350DA /* Model.cpp */ = {isa = PBXFileReference; fileEncoding = 4; lastKnownFileType = sourcecode.cpp.cpp; path = Model.cpp; sourceTree = "<group>"; };
		AB6E13A426BA6727009350DA /* Shader.h */ = {isa = PBXFileReference; fileEncoding = 4; lastKnownFileType = sourcecode.c.h; path = Shader.h; sourceTree = "<group>"; };
		AB6E13A526BA6727009350DA /* Model.hpp */ = {isa = PBXFileReference; fileEncoding = 4; lastKnownFileType = sourcecode.cpp.h; path = Model.hpp; sourceTree = "<group>"; };
		AB6E13A626BA6727009350DA /* stb_image.h */ = {isa = PBXFileReference; fileEncoding = 4; lastKnownFileType = sourcecode.c.h; path = stb_image.h; sourceTree = "<group>"; };
		AB6E13B126BA6738009350DA /* ModelVertexShader.cpp */ = {isa = PBXFileReference; lastKnownFileType = sourcecode.cpp.cpp; path = ModelVertexShader.cpp; sourceTree = "<group>"; };
		AB6E13B226BA6738009350DA /* ModelFragmentShader.cpp */ = {isa = PBXFileReference; lastKnownFileType = sourcecode.cpp.cpp; path = ModelFragmentShader.cpp; sourceTree = "<group>"; };
		AB6E13B326BA9DB3009350DA /* InstanceVertexShader.cpp */ = {isa = PBXFileReference; lastKnownFileType = sourcecode.cpp.cpp; path = InstanceVertexShader.cpp; sourceTree = "<group>"; };
/* End PBXFileReference section */

/* Begin PBXFrameworksBuildPhase section */
		AB6E138926BA6619009350DA /* Frameworks */ = {
			isa = PBXFrameworksBuildPhase;
			buildActionMask = 2147483647;
			files = (
				AB6E139826BA6630009350DA /* libglfw.dylib in Frameworks */,
				AB6E139A26BA6636009350DA /* libGLEW.dylib in Frameworks */,
				AB6E139C26BA6640009350DA /* libassimp.dylib in Frameworks */,
			);
			runOnlyForDeploymentPostprocessing = 0;
		};
/* End PBXFrameworksBuildPhase section */

/* Begin PBXGroup section */
		AB6E138326BA6619009350DA = {
			isa = PBXGroup;
			children = (
				AB6E138E26BA6619009350DA /* OpenGL_Test17_Instance */,
				AB6E138D26BA6619009350DA /* Products */,
				AB6E139626BA6630009350DA /* Frameworks */,
			);
			sourceTree = "<group>";
		};
		AB6E138D26BA6619009350DA /* Products */ = {
			isa = PBXGroup;
			children = (
				AB6E138C26BA6619009350DA /* OpenGL_Test17_Instance */,
			);
			name = Products;
			sourceTree = "<group>";
		};
		AB6E138E26BA6619009350DA /* OpenGL_Test17_Instance */ = {
			isa = PBXGroup;
			children = (
				AB6E13B026BA6738009350DA /* ModelShader */,
				AB6E139F26BA6727009350DA /* Camera.cpp */,
				AB6E13A126BA6727009350DA /* Camera.hpp */,
				AB6E13A226BA6727009350DA /* Mesh.cpp */,
				AB6E13A026BA6727009350DA /* Mesh.hpp */,
				AB6E13A326BA6727009350DA /* Model.cpp */,
				AB6E13A526BA6727009350DA /* Model.hpp */,
				AB6E13A426BA6727009350DA /* Shader.h */,
				AB6E13A626BA6727009350DA /* stb_image.h */,
				AB6E139D26BA6696009350DA /* glad.c */,
				AB6E138F26BA6619009350DA /* main.cpp */,
			);
			path = OpenGL_Test17_Instance;
			sourceTree = "<group>";
		};
		AB6E139626BA6630009350DA /* Frameworks */ = {
			isa = PBXGroup;
			children = (
				AB6E139B26BA6640009350DA /* libassimp.dylib */,
				AB6E139926BA6636009350DA /* libGLEW.dylib */,
				AB6E139726BA6630009350DA /* libglfw.dylib */,
			);
			name = Frameworks;
			sourceTree = "<group>";
		};
		AB6E13B026BA6738009350DA /* ModelShader */ = {
			isa = PBXGroup;
			children = (
				AB6E13B326BA9DB3009350DA /* InstanceVertexShader.cpp */,
				AB6E13B126BA6738009350DA /* ModelVertexShader.cpp */,
				AB6E13B226BA6738009350DA /* ModelFragmentShader.cpp */,
			);
			path = ModelShader;
			sourceTree = "<group>";
		};
/* End PBXGroup section */

/* Begin PBXNativeTarget section */
		AB6E138B26BA6619009350DA /* OpenGL_Test17_Instance */ = {
			isa = PBXNativeTarget;
			buildConfigurationList = AB6E139326BA6619009350DA /* Build configuration list for PBXNativeTarget "OpenGL_Test17_Instance" */;
			buildPhases = (
				AB6E138826BA6619009350DA /* Sources */,
				AB6E138926BA6619009350DA /* Frameworks */,
				AB6E138A26BA6619009350DA /* CopyFiles */,
			);
			buildRules = (
			);
			dependencies = (
			);
			name = OpenGL_Test17_Instance;
			productName = OpenGL_Test17_Instance;
			productReference = AB6E138C26BA6619009350DA /* OpenGL_Test17_Instance */;
			productType = "com.apple.product-type.tool";
		};
/* End PBXNativeTarget section */

/* Begin PBXProject section */
		AB6E138426BA6619009350DA /* Project object */ = {
			isa = PBXProject;
			attributes = {
				LastUpgradeCheck = 1250;
				TargetAttributes = {
					AB6E138B26BA6619009350DA = {
						CreatedOnToolsVersion = 12.5.1;
					};
				};
			};
			buildConfigurationList = AB6E138726BA6619009350DA /* Build configuration list for PBXProject "OpenGL_Test17_Instance" */;
			compatibilityVersion = "Xcode 9.3";
			developmentRegion = en;
			hasScannedForEncodings = 0;
			knownRegions = (
				en,
				Base,
			);
			mainGroup = AB6E138326BA6619009350DA;
			productRefGroup = AB6E138D26BA6619009350DA /* Products */;
			projectDirPath = "";
			projectRoot = "";
			targets = (
				AB6E138B26BA6619009350DA /* OpenGL_Test17_Instance */,
			);
		};
/* End PBXProject section */

/* Begin PBXSourcesBuildPhase section */
		AB6E138826BA6619009350DA /* Sources */ = {
			isa = PBXSourcesBuildPhase;
			buildActionMask = 2147483647;
			files = (
				AB6E139026BA6619009350DA /* main.cpp in Sources */,
				AB6E13A726BA6727009350DA /* Camera.cpp in Sources */,
				AB6E13A926BA6727009350DA /* Model.cpp in Sources */,
				AB6E13A826BA6727009350DA /* Mesh.cpp in Sources */,
				AB6E139E26BA6696009350DA /* glad.c in Sources */,
			);
			runOnlyForDeploymentPostprocessing = 0;
		};
/* End PBXSourcesBuildPhase section */

/* Begin XCBuildConfiguration section */
		AB6E139126BA6619009350DA /* Debug */ = {
			isa = XCBuildConfiguration;
			buildSettings = {
				ALWAYS_SEARCH_USER_PATHS = NO;
				CLANG_ANALYZER_NONNULL = YES;
				CLANG_ANALYZER_NUMBER_OBJECT_CONVERSION = YES_AGGRESSIVE;
				CLANG_CXX_LANGUAGE_STANDARD = "gnu++14";
				CLANG_CXX_LIBRARY = "libc++";
				CLANG_ENABLE_MODULES = YES;
				CLANG_ENABLE_OBJC_ARC = YES;
				CLANG_ENABLE_OBJC_WEAK = YES;
				CLANG_WARN_BLOCK_CAPTURE_AUTORELEASING = YES;
				CLANG_WARN_BOOL_CONVERSION = YES;
				CLANG_WARN_COMMA = YES;
				CLANG_WARN_CONSTANT_CONVERSION = YES;
				CLANG_WARN_DEPRECATED_OBJC_IMPLEMENTATIONS = YES;
				CLANG_WARN_DIRECT_OBJC_ISA_USAGE = YES_ERROR;
				CLANG_WARN_DOCUMENTATION_COMMENTS = YES;
				CLANG_WARN_EMPTY_BODY = YES;
				CLANG_WARN_ENUM_CONVERSION = YES;
				CLANG_WARN_INFINITE_RECURSION = YES;
				CLANG_WARN_INT_CONVERSION = YES;
				CLANG_WARN_NON_LITERAL_NULL_CONVERSION = YES;
				CLANG_WARN_OBJC_IMPLICIT_RETAIN_SELF = YES;
				CLANG_WARN_OBJC_LITERAL_CONVERSION = YES;
				CLANG_WARN_OBJC_ROOT_CLASS = YES_ERROR;
				CLANG_WARN_QUOTED_INCLUDE_IN_FRAMEWORK_HEADER = YES;
				CLANG_WARN_RANGE_LOOP_ANALYSIS = YES;
				CLANG_WARN_STRICT_PROTOTYPES = YES;
				CLANG_WARN_SUSPICIOUS_MOVE = YES;
				CLANG_WARN_UNGUARDED_AVAILABILITY = YES_AGGRESSIVE;
				CLANG_WARN_UNREACHABLE_CODE = YES;
				CLANG_WARN__DUPLICATE_METHOD_MATCH = YES;
				COPY_PHASE_STRIP = NO;
				DEBUG_INFORMATION_FORMAT = dwarf;
				ENABLE_STRICT_OBJC_MSGSEND = YES;
				ENABLE_TESTABILITY = YES;
				GCC_C_LANGUAGE_STANDARD = gnu11;
				GCC_DYNAMIC_NO_PIC = NO;
				GCC_NO_COMMON_BLOCKS = YES;
				GCC_OPTIMIZATION_LEVEL = 0;
				GCC_PREPROCESSOR_DEFINITIONS = (
					"DEBUG=1",
					"$(inherited)",
				);
				GCC_WARN_64_TO_32_BIT_CONVERSION = YES;
				GCC_WARN_ABOUT_RETURN_TYPE = YES_ERROR;
				GCC_WARN_UNDECLARED_SELECTOR = YES;
				GCC_WARN_UNINITIALIZED_AUTOS = YES_AGGRESSIVE;
				GCC_WARN_UNUSED_FUNCTION = YES;
				GCC_WARN_UNUSED_VARIABLE = YES;
				MACOSX_DEPLOYMENT_TARGET = 11.3;
				MTL_ENABLE_DEBUG_INFO = INCLUDE_SOURCE;
				MTL_FAST_MATH = YES;
				ONLY_ACTIVE_ARCH = YES;
				SDKROOT = macosx;
			};
			name = Debug;
		};
		AB6E139226BA6619009350DA /* Release */ = {
			isa = XCBuildConfiguration;
			buildSettings = {
				ALWAYS_SEARCH_USER_PATHS = NO;
				CLANG_ANALYZER_NONNULL = YES;
				CLANG_ANALYZER_NUMBER_OBJECT_CONVERSION = YES_AGGRESSIVE;
				CLANG_CXX_LANGUAGE_STANDARD = "gnu++14";
				CLANG_CXX_LIBRARY = "libc++";
				CLANG_ENABLE_MODULES = YES;
				CLANG_ENABLE_OBJC_ARC = YES;
				CLANG_ENABLE_OBJC_WEAK = YES;
				CLANG_WARN_BLOCK_CAPTURE_AUTORELEASING = YES;
				CLANG_WARN_BOOL_CONVERSION = YES;
				CLANG_WARN_COMMA = YES;
				CLANG_WARN_CONSTANT_CONVERSION = YES;
				CLANG_WARN_DEPRECATED_OBJC_IMPLEMENTATIONS = YES;
				CLANG_WARN_DIRECT_OBJC_ISA_USAGE = YES_ERROR;
				CLANG_WARN_DOCUMENTATION_COMMENTS = YES;
				CLANG_WARN_EMPTY_BODY = YES;
				CLANG_WARN_ENUM_CONVERSION = YES;
				CLANG_WARN_INFINITE_RECURSION = YES;
				CLANG_WARN_INT_CONVERSION = YES;
				CLANG_WARN_NON_LITERAL_NULL_CONVERSION = YES;
				CLANG_WARN_OBJC_IMPLICIT_RETAIN_SELF = YES;
				CLANG_WARN_OBJC_LITERAL_CONVERSION = YES;
				CLANG_WARN_OBJC_ROOT_CLASS = YES_ERROR;
				CLANG_WARN_QUOTED_INCLUDE_IN_FRAMEWORK_HEADER = YES;
				CLANG_WARN_RANGE_LOOP_ANALYSIS = YES;
				CLANG_WARN_STRICT_PROTOTYPES = YES;
				CLANG_WARN_SUSPICIOUS_MOVE = YES;
				CLANG_WARN_UNGUARDED_AVAILABILITY = YES_AGGRESSIVE;
				CLANG_WARN_UNREACHABLE_CODE = YES;
				CLANG_WARN__DUPLICATE_METHOD_MATCH = YES;
				COPY_PHASE_STRIP = NO;
				DEBUG_INFORMATION_FORMAT = "dwarf-with-dsym";
				ENABLE_NS_ASSERTIONS = NO;
				ENABLE_STRICT_OBJC_MSGSEND = YES;
				GCC_C_LANGUAGE_STANDARD = gnu11;
				GCC_NO_COMMON_BLOCKS = YES;
				GCC_WARN_64_TO_32_BIT_CONVERSION = YES;
				GCC_WARN_ABOUT_RETURN_TYPE = YES_ERROR;
				GCC_WARN_UNDECLARED_SELECTOR = YES;
				GCC_WARN_UNINITIALIZED_AUTOS = YES_AGGRESSIVE;
				GCC_WARN_UNUSED_FUNCTION = YES;
				GCC_WARN_UNUSED_VARIABLE = YES;
				MACOSX_DEPLOYMENT_TARGET = 11.3;
				MTL_ENABLE_DEBUG_INFO = NO;
				MTL_FAST_MATH = YES;
				SDKROOT = macosx;
			};
			name = Release;
		};
		AB6E139426BA6619009350DA /* Debug */ = {
			isa = XCBuildConfiguration;
			buildSettings = {
				CODE_SIGN_STYLE = Automatic;
				HEADER_SEARCH_PATHS = (
					"\"$(SRCROOT)/../../../assimp/5.0.1/include\"",
					"\"$(SRCROOT)/../../../glad/include\"",
					"\"$(SRCROOT)/../../../glew/2.2.0_1/include\"",
					"\"$(SRCROOT)/../../../glfw/3.3.4/include\"",
					"\"$(SRCROOT)/../../../glm/0.9.9.8/include\"",
				);
				LIBRARY_SEARCH_PATHS = (
					"\"$(SRCROOT)/../../../glfw/3.3.4/lib\"",
					"\"$(SRCROOT)/../../../glew/2.2.0_1/lib\"",
					"\"$(SRCROOT)/../../../assimp/5.0.1/lib\"",
				);
				PRODUCT_NAME = "$(TARGET_NAME)";
			};
			name = Debug;
		};
		AB6E139526BA6619009350DA /* Release */ = {
			isa = XCBuildConfiguration;
			buildSettings = {
				CODE_SIGN_STYLE = Automatic;
				HEADER_SEARCH_PATHS = (
					"\"$(SRCROOT)/../../../assimp/5.0.1/include\"",
					"\"$(SRCROOT)/../../../glad/include\"",
					"\"$(SRCROOT)/../../../glew/2.2.0_1/include\"",
					"\"$(SRCROOT)/../../../glfw/3.3.4/include\"",
					"\"$(SRCROOT)/../../../glm/0.9.9.8/include\"",
				);
				LIBRARY_SEARCH_PATHS = (
					"\"$(SRCROOT)/../../../glfw/3.3.4/lib\"",
					"\"$(SRCROOT)/../../../glew/2.2.0_1/lib\"",
					"\"$(SRCROOT)/../../../assimp/5.0.1/lib\"",
				);
				PRODUCT_NAME = "$(TARGET_NAME)";
			};
			name = Release;
		};
/* End XCBuildConfiguration section */

/* Begin XCConfigurationList section */
		AB6E138726BA6619009350DA /* Build configuration list for PBXProject "OpenGL_Test17_Instance" */ = {
			isa = XCConfigurationList;
			buildConfigurations = (
				AB6E139126BA6619009350DA /* Debug */,
				AB6E139226BA6619009350DA /* Release */,
			);
			defaultConfigurationIsVisible = 0;
			defaultConfigurationName = Release;
		};
		AB6E139326BA6619009350DA /* Build configuration list for PBXNativeTarget "OpenGL_Test17_Instance" */ = {
			isa = XCConfigurationList;
			buildConfigurations = (
				AB6E139426BA6619009350DA /* Debug */,
				AB6E139526BA6619009350DA /* Release */,
			);
			defaultConfigurationIsVisible = 0;
			defaultConfigurationName = Release;
		};
/* End XCConfigurationList section */
	};
	rootObject = AB6E138426BA6619009350DA /* Project object */;
}
